// !$*UTF8*$!
{
	archiveVersion = 1;
	classes = {
	};
	objectVersion = 56;
	objects = {

/* Begin PBXBuildFile section */
		0F042B022A8E2AA90002871B /* TrendManager.swift in Sources */ = {isa = PBXBuildFile; fileRef = 0F042B012A8E2AA90002871B /* TrendManager.swift */; };
		0F3EE49F2A95DA200033487C /* LocationViewController.swift in Sources */ = {isa = PBXBuildFile; fileRef = 0F3EE49E2A95DA200033487C /* LocationViewController.swift */; };
		0F3EE4A22A95DFCF0033487C /* SnapKit in Frameworks */ = {isa = PBXBuildFile; productRef = 0F3EE4A12A95DFCF0033487C /* SnapKit */; };
		0F4B15C22A99D29700CAD3A6 /* OnboardingViewController.swift in Sources */ = {isa = PBXBuildFile; fileRef = 0F4B15C12A99D29700CAD3A6 /* OnboardingViewController.swift */; };
		0F4B15C42A99D2A500CAD3A6 /* FirstViewController.swift in Sources */ = {isa = PBXBuildFile; fileRef = 0F4B15C32A99D2A500CAD3A6 /* FirstViewController.swift */; };
		0F4B15C62A99D2AE00CAD3A6 /* SecondViewController.swift in Sources */ = {isa = PBXBuildFile; fileRef = 0F4B15C52A99D2AE00CAD3A6 /* SecondViewController.swift */; };
		0F4B15C82A99D2BA00CAD3A6 /* ThirdViewController.swift in Sources */ = {isa = PBXBuildFile; fileRef = 0F4B15C72A99D2BA00CAD3A6 /* ThirdViewController.swift */; };
		0F4B15CA2A99EFE000CAD3A6 /* Extension+UIViewController.swift in Sources */ = {isa = PBXBuildFile; fileRef = 0F4B15C92A99EFE000CAD3A6 /* Extension+UIViewController.swift */; };
		0F4C019A2A8C9BA400363321 /* Endpoint.swift in Sources */ = {isa = PBXBuildFile; fileRef = 0F4C01992A8C9BA400363321 /* Endpoint.swift */; };
		0F4C019C2A8C9BC300363321 /* URL + Extension.swift in Sources */ = {isa = PBXBuildFile; fileRef = 0F4C019B2A8C9BC300363321 /* URL + Extension.swift */; };
		0F4FB6A92A9C7811004188C5 /* BaseViewController.swift in Sources */ = {isa = PBXBuildFile; fileRef = 0F4FB6A82A9C7811004188C5 /* BaseViewController.swift */; };
		0F4FB6AB2A9C7D44004188C5 /* BaseView.swift in Sources */ = {isa = PBXBuildFile; fileRef = 0F4FB6AA2A9C7D44004188C5 /* BaseView.swift */; };
		0F4FB6AD2A9C7DF5004188C5 /* TrendView.swift in Sources */ = {isa = PBXBuildFile; fileRef = 0F4FB6AC2A9C7DF5004188C5 /* TrendView.swift */; };
		0F4FB6B42A9C80FD004188C5 /* BaseTableViewCell.swift in Sources */ = {isa = PBXBuildFile; fileRef = 0F4FB6B32A9C80FD004188C5 /* BaseTableViewCell.swift */; };
		0F4FB6BA2A9CDD66004188C5 /* CreditView.swift in Sources */ = {isa = PBXBuildFile; fileRef = 0F4FB6B92A9CDD66004188C5 /* CreditView.swift */; };
		0F56A9742A8F570E0043FC40 /* Cast.swift in Sources */ = {isa = PBXBuildFile; fileRef = 0F56A9732A8F570E0043FC40 /* Cast.swift */; };
		0F56A9762A8F58660043FC40 /* CreditManager.swift in Sources */ = {isa = PBXBuildFile; fileRef = 0F56A9752A8F58660043FC40 /* CreditManager.swift */; };
		0F56A9792A8FB1900043FC40 /* SegmentViewController.swift in Sources */ = {isa = PBXBuildFile; fileRef = 0F56A9782A8FB1900043FC40 /* SegmentViewController.swift */; };
		0F56A9802A8FB3B40043FC40 /* SegmentCollectionViewCell.swift in Sources */ = {isa = PBXBuildFile; fileRef = 0F56A97E2A8FB3B40043FC40 /* SegmentCollectionViewCell.swift */; };
		0F56A9812A8FB3B40043FC40 /* SegmentCollectionViewCell.xib in Resources */ = {isa = PBXBuildFile; fileRef = 0F56A97F2A8FB3B40043FC40 /* SegmentCollectionViewCell.xib */; };
		0F56A9842A8FB4590043FC40 /* HeaderCollectionReusableView.swift in Sources */ = {isa = PBXBuildFile; fileRef = 0F56A9822A8FB4590043FC40 /* HeaderCollectionReusableView.swift */; };
		0F56A9852A8FB4590043FC40 /* HeaderCollectionReusableView.xib in Resources */ = {isa = PBXBuildFile; fileRef = 0F56A9832A8FB4590043FC40 /* HeaderCollectionReusableView.xib */; };
		0F56A9872A90A1990043FC40 /* SimilarManager.swift in Sources */ = {isa = PBXBuildFile; fileRef = 0F56A9862A90A1990043FC40 /* SimilarManager.swift */; };
		0F56A98A2A90A2C10043FC40 /* Similar.swift in Sources */ = {isa = PBXBuildFile; fileRef = 0F56A9892A90A2C10043FC40 /* Similar.swift */; };
		0F56A9902A90B5010043FC40 /* Popular.swift in Sources */ = {isa = PBXBuildFile; fileRef = 0F56A98F2A90B5010043FC40 /* Popular.swift */; };
		0F56A9922A90B5200043FC40 /* PopularManager.swift in Sources */ = {isa = PBXBuildFile; fileRef = 0F56A9912A90B5200043FC40 /* PopularManager.swift */; };
		0F6615AC2AA1C6FF00BA8E3D /* MultipleTableViewController.swift in Sources */ = {isa = PBXBuildFile; fileRef = 0F6615AB2AA1C6FF00BA8E3D /* MultipleTableViewController.swift */; };
		0F6615AE2AA1C7EB00BA8E3D /* MultipleView.swift in Sources */ = {isa = PBXBuildFile; fileRef = 0F6615AD2AA1C7EB00BA8E3D /* MultipleView.swift */; };
		0F6615B02AA1C81600BA8E3D /* MultipleTableViewCell.swift in Sources */ = {isa = PBXBuildFile; fileRef = 0F6615AF2AA1C81600BA8E3D /* MultipleTableViewCell.swift */; };
		0F6615B32AA1CA0000BA8E3D /* People.swift in Sources */ = {isa = PBXBuildFile; fileRef = 0F6615B22AA1CA0000BA8E3D /* People.swift */; };
		0F6615B52AA1CAF400BA8E3D /* TV.swift in Sources */ = {isa = PBXBuildFile; fileRef = 0F6615B42AA1CAF400BA8E3D /* TV.swift */; };
		0F6615B72AA1D10000BA8E3D /* PeopleManager.swift in Sources */ = {isa = PBXBuildFile; fileRef = 0F6615B62AA1D10000BA8E3D /* PeopleManager.swift */; };
		0F6615B92AA1D30100BA8E3D /* TVManager.swift in Sources */ = {isa = PBXBuildFile; fileRef = 0F6615B82AA1D30100BA8E3D /* TVManager.swift */; };
		0F81F5CA2A869C3600D7CC49 /* AppDelegate.swift in Sources */ = {isa = PBXBuildFile; fileRef = 0F81F5C92A869C3600D7CC49 /* AppDelegate.swift */; };
		0F81F5CC2A869C3600D7CC49 /* SceneDelegate.swift in Sources */ = {isa = PBXBuildFile; fileRef = 0F81F5CB2A869C3600D7CC49 /* SceneDelegate.swift */; };
		0F81F5D32A869C3700D7CC49 /* Assets.xcassets in Resources */ = {isa = PBXBuildFile; fileRef = 0F81F5D22A869C3700D7CC49 /* Assets.xcassets */; };
		0F81F5D62A869C3700D7CC49 /* LaunchScreen.storyboard in Resources */ = {isa = PBXBuildFile; fileRef = 0F81F5D42A869C3700D7CC49 /* LaunchScreen.storyboard */; };
		0F81F5E42A87761D00D7CC49 /* Alamofire in Frameworks */ = {isa = PBXBuildFile; productRef = 0F81F5E32A87761D00D7CC49 /* Alamofire */; };
		0F81F5E72A87762B00D7CC49 /* SwiftyJSON in Frameworks */ = {isa = PBXBuildFile; productRef = 0F81F5E62A87762B00D7CC49 /* SwiftyJSON */; };
		0F81F5EA2A87853C00D7CC49 /* TrendingTableViewCell.swift in Sources */ = {isa = PBXBuildFile; fileRef = 0F81F5E82A87853C00D7CC49 /* TrendingTableViewCell.swift */; };
		0F81F5ED2A87891400D7CC49 /* TrendingViewController.swift in Sources */ = {isa = PBXBuildFile; fileRef = 0F81F5EC2A87891400D7CC49 /* TrendingViewController.swift */; };
		0F81F5F22A87990F00D7CC49 /* CreditViewController.swift in Sources */ = {isa = PBXBuildFile; fileRef = 0F81F5F12A87990F00D7CC49 /* CreditViewController.swift */; };
		0F81F5F42A879A5200D7CC49 /* .gitignore in Resources */ = {isa = PBXBuildFile; fileRef = 0F81F5F32A879A5200D7CC49 /* .gitignore */; };
		0F81F5F72A879A7200D7CC49 /* APIKey.swift in Sources */ = {isa = PBXBuildFile; fileRef = 0F81F5F62A879A7200D7CC49 /* APIKey.swift */; };
		0F81F5FA2A87AF9700D7CC49 /* Kingfisher in Frameworks */ = {isa = PBXBuildFile; productRef = 0F81F5F92A87AF9700D7CC49 /* Kingfisher */; };
		0F81F6012A87C9F500D7CC49 /* CreditTableViewCell.swift in Sources */ = {isa = PBXBuildFile; fileRef = 0F81F5FF2A87C9F500D7CC49 /* CreditTableViewCell.swift */; };
		0FBEEB2E2A9DE06500DD0D42 /* SettingViewController.swift in Sources */ = {isa = PBXBuildFile; fileRef = 0FBEEB2D2A9DE06500DD0D42 /* SettingViewController.swift */; };
		0FBEEB302A9DE21500DD0D42 /* SettingView.swift in Sources */ = {isa = PBXBuildFile; fileRef = 0FBEEB2F2A9DE21500DD0D42 /* SettingView.swift */; };
		0FBEEB332A9E170900DD0D42 /* NameViewController.swift in Sources */ = {isa = PBXBuildFile; fileRef = 0FBEEB322A9E170900DD0D42 /* NameViewController.swift */; };
		0FBEEB352A9E23D000DD0D42 /* NameView.swift in Sources */ = {isa = PBXBuildFile; fileRef = 0FBEEB342A9E23D000DD0D42 /* NameView.swift */; };
		0FBEEB372A9E296000DD0D42 /* UserViewController.swift in Sources */ = {isa = PBXBuildFile; fileRef = 0FBEEB362A9E296000DD0D42 /* UserViewController.swift */; };
		0FBEEB3A2A9E29AA00DD0D42 /* UserView.swift in Sources */ = {isa = PBXBuildFile; fileRef = 0FBEEB392A9E29AA00DD0D42 /* UserView.swift */; };
		0FBEEB3F2A9E2A5F00DD0D42 /* pronounsViewController.swift in Sources */ = {isa = PBXBuildFile; fileRef = 0FBEEB3E2A9E2A5F00DD0D42 /* pronounsViewController.swift */; };
		0FBEEB412A9E2A7900DD0D42 /* PronounsView.swift in Sources */ = {isa = PBXBuildFile; fileRef = 0FBEEB402A9E2A7900DD0D42 /* PronounsView.swift */; };
		0FBEEB432A9E2AF400DD0D42 /* IntroViewController.swift in Sources */ = {isa = PBXBuildFile; fileRef = 0FBEEB422A9E2AF400DD0D42 /* IntroViewController.swift */; };
		0FBEEB452A9E2B0200DD0D42 /* IntroView.swift in Sources */ = {isa = PBXBuildFile; fileRef = 0FBEEB442A9E2B0200DD0D42 /* IntroView.swift */; };
		0FBEEB472A9E2B1000DD0D42 /* LinkViewController.swift in Sources */ = {isa = PBXBuildFile; fileRef = 0FBEEB462A9E2B1000DD0D42 /* LinkViewController.swift */; };
		0FBEEB492A9E2B1A00DD0D42 /* LinkView.swift in Sources */ = {isa = PBXBuildFile; fileRef = 0FBEEB482A9E2B1A00DD0D42 /* LinkView.swift */; };
		0FBEEB4D2A9E44D600DD0D42 /* Notification+Extenstion.swift in Sources */ = {isa = PBXBuildFile; fileRef = 0FBEEB4C2A9E44D600DD0D42 /* Notification+Extenstion.swift */; };
		0FC64D462A8E80A30087AF60 /* Trend.swift in Sources */ = {isa = PBXBuildFile; fileRef = 0FC64D452A8E80A30087AF60 /* Trend.swift */; };
		0FC64D482A8E81BA0087AF60 /* ReusableViewProtocol.swift in Sources */ = {isa = PBXBuildFile; fileRef = 0FC64D472A8E81BA0087AF60 /* ReusableViewProtocol.swift */; };
/* End PBXBuildFile section */

/* Begin PBXFileReference section */
		0F042B012A8E2AA90002871B /* TrendManager.swift */ = {isa = PBXFileReference; lastKnownFileType = sourcecode.swift; path = TrendManager.swift; sourceTree = "<group>"; };
		0F3EE49E2A95DA200033487C /* LocationViewController.swift */ = {isa = PBXFileReference; lastKnownFileType = sourcecode.swift; path = LocationViewController.swift; sourceTree = "<group>"; };
		0F4B15C12A99D29700CAD3A6 /* OnboardingViewController.swift */ = {isa = PBXFileReference; lastKnownFileType = sourcecode.swift; path = OnboardingViewController.swift; sourceTree = "<group>"; };
		0F4B15C32A99D2A500CAD3A6 /* FirstViewController.swift */ = {isa = PBXFileReference; lastKnownFileType = sourcecode.swift; path = FirstViewController.swift; sourceTree = "<group>"; };
		0F4B15C52A99D2AE00CAD3A6 /* SecondViewController.swift */ = {isa = PBXFileReference; lastKnownFileType = sourcecode.swift; path = SecondViewController.swift; sourceTree = "<group>"; };
		0F4B15C72A99D2BA00CAD3A6 /* ThirdViewController.swift */ = {isa = PBXFileReference; lastKnownFileType = sourcecode.swift; path = ThirdViewController.swift; sourceTree = "<group>"; };
		0F4B15C92A99EFE000CAD3A6 /* Extension+UIViewController.swift */ = {isa = PBXFileReference; lastKnownFileType = sourcecode.swift; path = "Extension+UIViewController.swift"; sourceTree = "<group>"; };
		0F4C01992A8C9BA400363321 /* Endpoint.swift */ = {isa = PBXFileReference; lastKnownFileType = sourcecode.swift; path = Endpoint.swift; sourceTree = "<group>"; };
		0F4C019B2A8C9BC300363321 /* URL + Extension.swift */ = {isa = PBXFileReference; lastKnownFileType = sourcecode.swift; path = "URL + Extension.swift"; sourceTree = "<group>"; };
		0F4FB6A82A9C7811004188C5 /* BaseViewController.swift */ = {isa = PBXFileReference; lastKnownFileType = sourcecode.swift; path = BaseViewController.swift; sourceTree = "<group>"; };
		0F4FB6AA2A9C7D44004188C5 /* BaseView.swift */ = {isa = PBXFileReference; lastKnownFileType = sourcecode.swift; path = BaseView.swift; sourceTree = "<group>"; };
		0F4FB6AC2A9C7DF5004188C5 /* TrendView.swift */ = {isa = PBXFileReference; lastKnownFileType = sourcecode.swift; path = TrendView.swift; sourceTree = "<group>"; };
		0F4FB6B32A9C80FD004188C5 /* BaseTableViewCell.swift */ = {isa = PBXFileReference; lastKnownFileType = sourcecode.swift; path = BaseTableViewCell.swift; sourceTree = "<group>"; };
		0F4FB6B92A9CDD66004188C5 /* CreditView.swift */ = {isa = PBXFileReference; lastKnownFileType = sourcecode.swift; path = CreditView.swift; sourceTree = "<group>"; };
		0F56A9732A8F570E0043FC40 /* Cast.swift */ = {isa = PBXFileReference; lastKnownFileType = sourcecode.swift; path = Cast.swift; sourceTree = "<group>"; };
		0F56A9752A8F58660043FC40 /* CreditManager.swift */ = {isa = PBXFileReference; lastKnownFileType = sourcecode.swift; path = CreditManager.swift; sourceTree = "<group>"; };
		0F56A9782A8FB1900043FC40 /* SegmentViewController.swift */ = {isa = PBXFileReference; lastKnownFileType = sourcecode.swift; name = SegmentViewController.swift; path = "Media Project/SegmentViewController.swift"; sourceTree = SOURCE_ROOT; };
		0F56A97E2A8FB3B40043FC40 /* SegmentCollectionViewCell.swift */ = {isa = PBXFileReference; lastKnownFileType = sourcecode.swift; path = SegmentCollectionViewCell.swift; sourceTree = "<group>"; };
		0F56A97F2A8FB3B40043FC40 /* SegmentCollectionViewCell.xib */ = {isa = PBXFileReference; lastKnownFileType = file.xib; path = SegmentCollectionViewCell.xib; sourceTree = "<group>"; };
		0F56A9822A8FB4590043FC40 /* HeaderCollectionReusableView.swift */ = {isa = PBXFileReference; lastKnownFileType = sourcecode.swift; path = HeaderCollectionReusableView.swift; sourceTree = "<group>"; };
		0F56A9832A8FB4590043FC40 /* HeaderCollectionReusableView.xib */ = {isa = PBXFileReference; lastKnownFileType = file.xib; path = HeaderCollectionReusableView.xib; sourceTree = "<group>"; };
		0F56A9862A90A1990043FC40 /* SimilarManager.swift */ = {isa = PBXFileReference; lastKnownFileType = sourcecode.swift; path = SimilarManager.swift; sourceTree = "<group>"; };
		0F56A9892A90A2C10043FC40 /* Similar.swift */ = {isa = PBXFileReference; lastKnownFileType = sourcecode.swift; path = Similar.swift; sourceTree = "<group>"; };
		0F56A98F2A90B5010043FC40 /* Popular.swift */ = {isa = PBXFileReference; lastKnownFileType = sourcecode.swift; path = Popular.swift; sourceTree = "<group>"; };
		0F56A9912A90B5200043FC40 /* PopularManager.swift */ = {isa = PBXFileReference; lastKnownFileType = sourcecode.swift; path = PopularManager.swift; sourceTree = "<group>"; };
		0F6615AB2AA1C6FF00BA8E3D /* MultipleTableViewController.swift */ = {isa = PBXFileReference; lastKnownFileType = sourcecode.swift; path = MultipleTableViewController.swift; sourceTree = "<group>"; };
		0F6615AD2AA1C7EB00BA8E3D /* MultipleView.swift */ = {isa = PBXFileReference; lastKnownFileType = sourcecode.swift; path = MultipleView.swift; sourceTree = "<group>"; };
		0F6615AF2AA1C81600BA8E3D /* MultipleTableViewCell.swift */ = {isa = PBXFileReference; lastKnownFileType = sourcecode.swift; path = MultipleTableViewCell.swift; sourceTree = "<group>"; };
		0F6615B22AA1CA0000BA8E3D /* People.swift */ = {isa = PBXFileReference; lastKnownFileType = sourcecode.swift; path = People.swift; sourceTree = "<group>"; };
		0F6615B42AA1CAF400BA8E3D /* TV.swift */ = {isa = PBXFileReference; lastKnownFileType = sourcecode.swift; path = TV.swift; sourceTree = "<group>"; };
		0F6615B62AA1D10000BA8E3D /* PeopleManager.swift */ = {isa = PBXFileReference; lastKnownFileType = sourcecode.swift; path = PeopleManager.swift; sourceTree = "<group>"; };
		0F6615B82AA1D30100BA8E3D /* TVManager.swift */ = {isa = PBXFileReference; lastKnownFileType = sourcecode.swift; path = TVManager.swift; sourceTree = "<group>"; };
		0F81F5C62A869C3600D7CC49 /* Media Project.app */ = {isa = PBXFileReference; explicitFileType = wrapper.application; includeInIndex = 0; path = "Media Project.app"; sourceTree = BUILT_PRODUCTS_DIR; };
		0F81F5C92A869C3600D7CC49 /* AppDelegate.swift */ = {isa = PBXFileReference; lastKnownFileType = sourcecode.swift; path = AppDelegate.swift; sourceTree = "<group>"; };
		0F81F5CB2A869C3600D7CC49 /* SceneDelegate.swift */ = {isa = PBXFileReference; lastKnownFileType = sourcecode.swift; path = SceneDelegate.swift; sourceTree = "<group>"; };
		0F81F5D22A869C3700D7CC49 /* Assets.xcassets */ = {isa = PBXFileReference; lastKnownFileType = folder.assetcatalog; path = Assets.xcassets; sourceTree = "<group>"; };
		0F81F5D52A869C3700D7CC49 /* Base */ = {isa = PBXFileReference; lastKnownFileType = file.storyboard; name = Base; path = Base.lproj/LaunchScreen.storyboard; sourceTree = "<group>"; };
		0F81F5D72A869C3700D7CC49 /* Info.plist */ = {isa = PBXFileReference; lastKnownFileType = text.plist.xml; path = Info.plist; sourceTree = "<group>"; };
		0F81F5E82A87853C00D7CC49 /* TrendingTableViewCell.swift */ = {isa = PBXFileReference; lastKnownFileType = sourcecode.swift; path = TrendingTableViewCell.swift; sourceTree = "<group>"; };
		0F81F5EC2A87891400D7CC49 /* TrendingViewController.swift */ = {isa = PBXFileReference; lastKnownFileType = sourcecode.swift; path = TrendingViewController.swift; sourceTree = "<group>"; };
		0F81F5F12A87990F00D7CC49 /* CreditViewController.swift */ = {isa = PBXFileReference; lastKnownFileType = sourcecode.swift; path = CreditViewController.swift; sourceTree = "<group>"; };
		0F81F5F32A879A5200D7CC49 /* .gitignore */ = {isa = PBXFileReference; lastKnownFileType = text; name = .gitignore; path = "Media Project/Key/.gitignore"; sourceTree = SOURCE_ROOT; };
		0F81F5F62A879A7200D7CC49 /* APIKey.swift */ = {isa = PBXFileReference; lastKnownFileType = sourcecode.swift; path = APIKey.swift; sourceTree = "<group>"; };
		0F81F5FF2A87C9F500D7CC49 /* CreditTableViewCell.swift */ = {isa = PBXFileReference; lastKnownFileType = sourcecode.swift; path = CreditTableViewCell.swift; sourceTree = "<group>"; };
		0FBEEB2D2A9DE06500DD0D42 /* SettingViewController.swift */ = {isa = PBXFileReference; lastKnownFileType = sourcecode.swift; path = SettingViewController.swift; sourceTree = "<group>"; };
		0FBEEB2F2A9DE21500DD0D42 /* SettingView.swift */ = {isa = PBXFileReference; lastKnownFileType = sourcecode.swift; path = SettingView.swift; sourceTree = "<group>"; };
		0FBEEB322A9E170900DD0D42 /* NameViewController.swift */ = {isa = PBXFileReference; lastKnownFileType = sourcecode.swift; path = NameViewController.swift; sourceTree = "<group>"; };
		0FBEEB342A9E23D000DD0D42 /* NameView.swift */ = {isa = PBXFileReference; lastKnownFileType = sourcecode.swift; path = NameView.swift; sourceTree = "<group>"; };
		0FBEEB362A9E296000DD0D42 /* UserViewController.swift */ = {isa = PBXFileReference; lastKnownFileType = sourcecode.swift; path = UserViewController.swift; sourceTree = "<group>"; };
		0FBEEB392A9E29AA00DD0D42 /* UserView.swift */ = {isa = PBXFileReference; lastKnownFileType = sourcecode.swift; path = UserView.swift; sourceTree = "<group>"; };
		0FBEEB3E2A9E2A5F00DD0D42 /* pronounsViewController.swift */ = {isa = PBXFileReference; lastKnownFileType = sourcecode.swift; path = pronounsViewController.swift; sourceTree = "<group>"; };
		0FBEEB402A9E2A7900DD0D42 /* PronounsView.swift */ = {isa = PBXFileReference; lastKnownFileType = sourcecode.swift; path = PronounsView.swift; sourceTree = "<group>"; };
		0FBEEB422A9E2AF400DD0D42 /* IntroViewController.swift */ = {isa = PBXFileReference; lastKnownFileType = sourcecode.swift; path = IntroViewController.swift; sourceTree = "<group>"; };
		0FBEEB442A9E2B0200DD0D42 /* IntroView.swift */ = {isa = PBXFileReference; lastKnownFileType = sourcecode.swift; path = IntroView.swift; sourceTree = "<group>"; };
		0FBEEB462A9E2B1000DD0D42 /* LinkViewController.swift */ = {isa = PBXFileReference; lastKnownFileType = sourcecode.swift; path = LinkViewController.swift; sourceTree = "<group>"; };
		0FBEEB482A9E2B1A00DD0D42 /* LinkView.swift */ = {isa = PBXFileReference; lastKnownFileType = sourcecode.swift; path = LinkView.swift; sourceTree = "<group>"; };
		0FBEEB4C2A9E44D600DD0D42 /* Notification+Extenstion.swift */ = {isa = PBXFileReference; lastKnownFileType = sourcecode.swift; path = "Notification+Extenstion.swift"; sourceTree = "<group>"; };
		0FC64D452A8E80A30087AF60 /* Trend.swift */ = {isa = PBXFileReference; lastKnownFileType = sourcecode.swift; path = Trend.swift; sourceTree = "<group>"; };
		0FC64D472A8E81BA0087AF60 /* ReusableViewProtocol.swift */ = {isa = PBXFileReference; lastKnownFileType = sourcecode.swift; path = ReusableViewProtocol.swift; sourceTree = "<group>"; };
/* End PBXFileReference section */

/* Begin PBXFrameworksBuildPhase section */
		0F81F5C32A869C3600D7CC49 /* Frameworks */ = {
			isa = PBXFrameworksBuildPhase;
			buildActionMask = 2147483647;
			files = (
				0F81F5FA2A87AF9700D7CC49 /* Kingfisher in Frameworks */,
				0F3EE4A22A95DFCF0033487C /* SnapKit in Frameworks */,
				0F81F5E72A87762B00D7CC49 /* SwiftyJSON in Frameworks */,
				0F81F5E42A87761D00D7CC49 /* Alamofire in Frameworks */,
			);
			runOnlyForDeploymentPostprocessing = 0;
		};
/* End PBXFrameworksBuildPhase section */

/* Begin PBXGroup section */
		0F3EE49D2A95D6490033487C /* location */ = {
			isa = PBXGroup;
			children = (
				0F3EE49E2A95DA200033487C /* LocationViewController.swift */,
			);
			path = location;
			sourceTree = "<group>";
		};
		0F4C019D2A8C9DAC00363321 /* manager */ = {
			isa = PBXGroup;
			children = (
				0F4C019B2A8C9BC300363321 /* URL + Extension.swift */,
				0F4C01992A8C9BA400363321 /* Endpoint.swift */,
				0FC64D472A8E81BA0087AF60 /* ReusableViewProtocol.swift */,
			);
			path = manager;
			sourceTree = "<group>";
		};
		0F4ED4462A98A69F00484680 /* Intro */ = {
			isa = PBXGroup;
			children = (
				0F4B15C12A99D29700CAD3A6 /* OnboardingViewController.swift */,
				0F4B15C32A99D2A500CAD3A6 /* FirstViewController.swift */,
				0F4B15C52A99D2AE00CAD3A6 /* SecondViewController.swift */,
				0F4B15C72A99D2BA00CAD3A6 /* ThirdViewController.swift */,
				0F4B15C92A99EFE000CAD3A6 /* Extension+UIViewController.swift */,
			);
			path = Intro;
			sourceTree = "<group>";
		};
		0F4FB6A72A9C77BE004188C5 /* Base */ = {
			isa = PBXGroup;
			children = (
				0F4FB6A82A9C7811004188C5 /* BaseViewController.swift */,
				0F4FB6AA2A9C7D44004188C5 /* BaseView.swift */,
				0F4FB6B32A9C80FD004188C5 /* BaseTableViewCell.swift */,
			);
			path = Base;
			sourceTree = "<group>";
		};
		0F56A9772A8FB1500043FC40 /* segmented */ = {
			isa = PBXGroup;
			children = (
				0F56A9882A90A1A20043FC40 /* APIManager + Codable */,
				0F56A9782A8FB1900043FC40 /* SegmentViewController.swift */,
				0F56A97E2A8FB3B40043FC40 /* SegmentCollectionViewCell.swift */,
				0F56A97F2A8FB3B40043FC40 /* SegmentCollectionViewCell.xib */,
				0F56A9822A8FB4590043FC40 /* HeaderCollectionReusableView.swift */,
				0F56A9832A8FB4590043FC40 /* HeaderCollectionReusableView.xib */,
			);
			path = segmented;
			sourceTree = "<group>";
		};
		0F56A9882A90A1A20043FC40 /* APIManager + Codable */ = {
			isa = PBXGroup;
			children = (
				0F56A9862A90A1990043FC40 /* SimilarManager.swift */,
				0F56A9892A90A2C10043FC40 /* Similar.swift */,
				0F56A98F2A90B5010043FC40 /* Popular.swift */,
				0F56A9912A90B5200043FC40 /* PopularManager.swift */,
			);
			path = "APIManager + Codable";
			sourceTree = "<group>";
		};
		0F6615AA2AA1C42500BA8E3D /* multiple */ = {
			isa = PBXGroup;
			children = (
				0F6615B12AA1C86000BA8E3D /* API manager */,
				0F6615AB2AA1C6FF00BA8E3D /* MultipleTableViewController.swift */,
				0F6615AD2AA1C7EB00BA8E3D /* MultipleView.swift */,
				0F6615AF2AA1C81600BA8E3D /* MultipleTableViewCell.swift */,
			);
			path = multiple;
			sourceTree = "<group>";
		};
		0F6615B12AA1C86000BA8E3D /* API manager */ = {
			isa = PBXGroup;
			children = (
				0F6615B22AA1CA0000BA8E3D /* People.swift */,
				0F6615B42AA1CAF400BA8E3D /* TV.swift */,
				0F6615B62AA1D10000BA8E3D /* PeopleManager.swift */,
				0F6615B82AA1D30100BA8E3D /* TVManager.swift */,
			);
			path = "API manager";
			sourceTree = "<group>";
		};
		0F81F5BD2A869C3600D7CC49 = {
			isa = PBXGroup;
			children = (
				0F81F5C82A869C3600D7CC49 /* Media Project */,
				0F81F5C72A869C3600D7CC49 /* Products */,
			);
			sourceTree = "<group>";
		};
		0F81F5C72A869C3600D7CC49 /* Products */ = {
			isa = PBXGroup;
			children = (
				0F81F5C62A869C3600D7CC49 /* Media Project.app */,
			);
			name = Products;
			sourceTree = "<group>";
		};
		0F81F5C82A869C3600D7CC49 /* Media Project */ = {
			isa = PBXGroup;
			children = (
				0F6615AA2AA1C42500BA8E3D /* multiple */,
				0FBEEB2C2A9DE03A00DD0D42 /* setting */,
				0F4FB6A72A9C77BE004188C5 /* Base */,
				0F4ED4462A98A69F00484680 /* Intro */,
				0F3EE49D2A95D6490033487C /* location */,
				0F56A9772A8FB1500043FC40 /* segmented */,
				0F4C019D2A8C9DAC00363321 /* manager */,
				0F81F5F02A8798EF00D7CC49 /* credit */,
				0F81F5DF2A8764A600D7CC49 /* trend */,
				0F81F5F52A879A6100D7CC49 /* Key */,
				0F81F5CB2A869C3600D7CC49 /* SceneDelegate.swift */,
				0F81F5C92A869C3600D7CC49 /* AppDelegate.swift */,
				0F81F5D22A869C3700D7CC49 /* Assets.xcassets */,
				0F81F5D42A869C3700D7CC49 /* LaunchScreen.storyboard */,
				0F81F5D72A869C3700D7CC49 /* Info.plist */,
				0FBEEB4C2A9E44D600DD0D42 /* Notification+Extenstion.swift */,
			);
			path = "Media Project";
			sourceTree = "<group>";
		};
		0F81F5DF2A8764A600D7CC49 /* trend */ = {
			isa = PBXGroup;
			children = (
				0F81F5E82A87853C00D7CC49 /* TrendingTableViewCell.swift */,
				0F81F5EC2A87891400D7CC49 /* TrendingViewController.swift */,
				0F042B012A8E2AA90002871B /* TrendManager.swift */,
				0FC64D452A8E80A30087AF60 /* Trend.swift */,
				0F4FB6AC2A9C7DF5004188C5 /* TrendView.swift */,
			);
			path = trend;
			sourceTree = "<group>";
		};
		0F81F5F02A8798EF00D7CC49 /* credit */ = {
			isa = PBXGroup;
			children = (
				0F81F5F12A87990F00D7CC49 /* CreditViewController.swift */,
				0F81F5FF2A87C9F500D7CC49 /* CreditTableViewCell.swift */,
				0F56A9732A8F570E0043FC40 /* Cast.swift */,
				0F56A9752A8F58660043FC40 /* CreditManager.swift */,
				0F4FB6B92A9CDD66004188C5 /* CreditView.swift */,
			);
			path = credit;
			sourceTree = "<group>";
		};
		0F81F5F52A879A6100D7CC49 /* Key */ = {
			isa = PBXGroup;
			children = (
				0F81F5F32A879A5200D7CC49 /* .gitignore */,
				0F81F5F62A879A7200D7CC49 /* APIKey.swift */,
			);
			path = Key;
			sourceTree = "<group>";
		};
		0FBEEB2C2A9DE03A00DD0D42 /* setting */ = {
			isa = PBXGroup;
			children = (
				0FBEEB3D2A9E2A3300DD0D42 /* link */,
				0FBEEB3C2A9E2A1F00DD0D42 /* intro */,
				0FBEEB3B2A9E2A1300DD0D42 /* pronouns */,
				0FBEEB382A9E298F00DD0D42 /* user */,
				0FBEEB312A9E16FA00DD0D42 /* name */,
				0FBEEB2D2A9DE06500DD0D42 /* SettingViewController.swift */,
				0FBEEB2F2A9DE21500DD0D42 /* SettingView.swift */,
			);
			path = setting;
			sourceTree = "<group>";
		};
		0FBEEB312A9E16FA00DD0D42 /* name */ = {
			isa = PBXGroup;
			children = (
				0FBEEB322A9E170900DD0D42 /* NameViewController.swift */,
				0FBEEB342A9E23D000DD0D42 /* NameView.swift */,
			);
			path = name;
			sourceTree = "<group>";
		};
		0FBEEB382A9E298F00DD0D42 /* user */ = {
			isa = PBXGroup;
			children = (
				0FBEEB362A9E296000DD0D42 /* UserViewController.swift */,
				0FBEEB392A9E29AA00DD0D42 /* UserView.swift */,
			);
			path = user;
			sourceTree = "<group>";
		};
		0FBEEB3B2A9E2A1300DD0D42 /* pronouns */ = {
			isa = PBXGroup;
			children = (
				0FBEEB3E2A9E2A5F00DD0D42 /* pronounsViewController.swift */,
				0FBEEB402A9E2A7900DD0D42 /* PronounsView.swift */,
			);
			path = pronouns;
			sourceTree = "<group>";
		};
		0FBEEB3C2A9E2A1F00DD0D42 /* intro */ = {
			isa = PBXGroup;
			children = (
				0FBEEB422A9E2AF400DD0D42 /* IntroViewController.swift */,
				0FBEEB442A9E2B0200DD0D42 /* IntroView.swift */,
			);
			path = intro;
			sourceTree = "<group>";
		};
		0FBEEB3D2A9E2A3300DD0D42 /* link */ = {
			isa = PBXGroup;
			children = (
				0FBEEB462A9E2B1000DD0D42 /* LinkViewController.swift */,
				0FBEEB482A9E2B1A00DD0D42 /* LinkView.swift */,
			);
			path = link;
			sourceTree = "<group>";
		};
/* End PBXGroup section */

/* Begin PBXNativeTarget section */
		0F81F5C52A869C3600D7CC49 /* Media Project */ = {
			isa = PBXNativeTarget;
			buildConfigurationList = 0F81F5DA2A869C3700D7CC49 /* Build configuration list for PBXNativeTarget "Media Project" */;
			buildPhases = (
				0F81F5C22A869C3600D7CC49 /* Sources */,
				0F81F5C32A869C3600D7CC49 /* Frameworks */,
				0F81F5C42A869C3600D7CC49 /* Resources */,
			);
			buildRules = (
			);
			dependencies = (
			);
			name = "Media Project";
			packageProductDependencies = (
				0F81F5E32A87761D00D7CC49 /* Alamofire */,
				0F81F5E62A87762B00D7CC49 /* SwiftyJSON */,
				0F81F5F92A87AF9700D7CC49 /* Kingfisher */,
				0F3EE4A12A95DFCF0033487C /* SnapKit */,
			);
			productName = "Media Project";
			productReference = 0F81F5C62A869C3600D7CC49 /* Media Project.app */;
			productType = "com.apple.product-type.application";
		};
/* End PBXNativeTarget section */

/* Begin PBXProject section */
		0F81F5BE2A869C3600D7CC49 /* Project object */ = {
			isa = PBXProject;
			attributes = {
				BuildIndependentTargetsInParallel = 1;
				LastSwiftUpdateCheck = 1430;
				LastUpgradeCheck = 1430;
				TargetAttributes = {
					0F81F5C52A869C3600D7CC49 = {
						CreatedOnToolsVersion = 14.3.1;
					};
				};
			};
			buildConfigurationList = 0F81F5C12A869C3600D7CC49 /* Build configuration list for PBXProject "Media Project" */;
			compatibilityVersion = "Xcode 14.0";
			developmentRegion = en;
			hasScannedForEncodings = 0;
			knownRegions = (
				en,
				Base,
			);
			mainGroup = 0F81F5BD2A869C3600D7CC49;
			packageReferences = (
				0F81F5E22A87761D00D7CC49 /* XCRemoteSwiftPackageReference "Alamofire" */,
				0F81F5E52A87762B00D7CC49 /* XCRemoteSwiftPackageReference "SwiftyJSON" */,
				0F81F5F82A87AF9700D7CC49 /* XCRemoteSwiftPackageReference "Kingfisher" */,
				0F3EE4A02A95DFCF0033487C /* XCRemoteSwiftPackageReference "SnapKit" */,
			);
			productRefGroup = 0F81F5C72A869C3600D7CC49 /* Products */;
			projectDirPath = "";
			projectRoot = "";
			targets = (
				0F81F5C52A869C3600D7CC49 /* Media Project */,
			);
		};
/* End PBXProject section */

/* Begin PBXResourcesBuildPhase section */
		0F81F5C42A869C3600D7CC49 /* Resources */ = {
			isa = PBXResourcesBuildPhase;
			buildActionMask = 2147483647;
			files = (
				0F56A9852A8FB4590043FC40 /* HeaderCollectionReusableView.xib in Resources */,
				0F56A9812A8FB3B40043FC40 /* SegmentCollectionViewCell.xib in Resources */,
				0F81F5F42A879A5200D7CC49 /* .gitignore in Resources */,
				0F81F5D62A869C3700D7CC49 /* LaunchScreen.storyboard in Resources */,
				0F81F5D32A869C3700D7CC49 /* Assets.xcassets in Resources */,
			);
			runOnlyForDeploymentPostprocessing = 0;
		};
/* End PBXResourcesBuildPhase section */

/* Begin PBXSourcesBuildPhase section */
		0F81F5C22A869C3600D7CC49 /* Sources */ = {
			isa = PBXSourcesBuildPhase;
			buildActionMask = 2147483647;
			files = (
				0F4FB6AB2A9C7D44004188C5 /* BaseView.swift in Sources */,
				0FBEEB412A9E2A7900DD0D42 /* PronounsView.swift in Sources */,
				0F56A9742A8F570E0043FC40 /* Cast.swift in Sources */,
				0F81F5EA2A87853C00D7CC49 /* TrendingTableViewCell.swift in Sources */,
				0F81F5CA2A869C3600D7CC49 /* AppDelegate.swift in Sources */,
				0F4B15C62A99D2AE00CAD3A6 /* SecondViewController.swift in Sources */,
				0FBEEB2E2A9DE06500DD0D42 /* SettingViewController.swift in Sources */,
				0FBEEB352A9E23D000DD0D42 /* NameView.swift in Sources */,
				0F4B15C42A99D2A500CAD3A6 /* FirstViewController.swift in Sources */,
				0FBEEB432A9E2AF400DD0D42 /* IntroViewController.swift in Sources */,
				0F4FB6A92A9C7811004188C5 /* BaseViewController.swift in Sources */,
				0F4C019C2A8C9BC300363321 /* URL + Extension.swift in Sources */,
				0FBEEB3F2A9E2A5F00DD0D42 /* pronounsViewController.swift in Sources */,
				0FBEEB3A2A9E29AA00DD0D42 /* UserView.swift in Sources */,
				0F4B15C22A99D29700CAD3A6 /* OnboardingViewController.swift in Sources */,
				0F56A9802A8FB3B40043FC40 /* SegmentCollectionViewCell.swift in Sources */,
				0FBEEB452A9E2B0200DD0D42 /* IntroView.swift in Sources */,
				0F6615B52AA1CAF400BA8E3D /* TV.swift in Sources */,
				0F3EE49F2A95DA200033487C /* LocationViewController.swift in Sources */,
				0F56A9762A8F58660043FC40 /* CreditManager.swift in Sources */,
				0FC64D462A8E80A30087AF60 /* Trend.swift in Sources */,
				0F6615AE2AA1C7EB00BA8E3D /* MultipleView.swift in Sources */,
				0F042B022A8E2AA90002871B /* TrendManager.swift in Sources */,
				0F4B15C82A99D2BA00CAD3A6 /* ThirdViewController.swift in Sources */,
				0FC64D482A8E81BA0087AF60 /* ReusableViewProtocol.swift in Sources */,
				0F4B15CA2A99EFE000CAD3A6 /* Extension+UIViewController.swift in Sources */,
				0F56A9902A90B5010043FC40 /* Popular.swift in Sources */,
				0F6615B02AA1C81600BA8E3D /* MultipleTableViewCell.swift in Sources */,
				0FBEEB332A9E170900DD0D42 /* NameViewController.swift in Sources */,
				0F56A9792A8FB1900043FC40 /* SegmentViewController.swift in Sources */,
				0F56A9922A90B5200043FC40 /* PopularManager.swift in Sources */,
				0F4FB6B42A9C80FD004188C5 /* BaseTableViewCell.swift in Sources */,
				0F4FB6BA2A9CDD66004188C5 /* CreditView.swift in Sources */,
				0F56A9842A8FB4590043FC40 /* HeaderCollectionReusableView.swift in Sources */,
				0FBEEB472A9E2B1000DD0D42 /* LinkViewController.swift in Sources */,
				0F4C019A2A8C9BA400363321 /* Endpoint.swift in Sources */,
				0F6615AC2AA1C6FF00BA8E3D /* MultipleTableViewController.swift in Sources */,
				0F6615B72AA1D10000BA8E3D /* PeopleManager.swift in Sources */,
				0FBEEB492A9E2B1A00DD0D42 /* LinkView.swift in Sources */,
				0F4FB6AD2A9C7DF5004188C5 /* TrendView.swift in Sources */,
				0F81F5F22A87990F00D7CC49 /* CreditViewController.swift in Sources */,
				0F56A9872A90A1990043FC40 /* SimilarManager.swift in Sources */,
				0F81F5CC2A869C3600D7CC49 /* SceneDelegate.swift in Sources */,
				0F81F5F72A879A7200D7CC49 /* APIKey.swift in Sources */,
				0FBEEB302A9DE21500DD0D42 /* SettingView.swift in Sources */,
				0F6615B32AA1CA0000BA8E3D /* People.swift in Sources */,
				0F56A98A2A90A2C10043FC40 /* Similar.swift in Sources */,
				0F81F6012A87C9F500D7CC49 /* CreditTableViewCell.swift in Sources */,
				0F81F5ED2A87891400D7CC49 /* TrendingViewController.swift in Sources */,
				0FBEEB372A9E296000DD0D42 /* UserViewController.swift in Sources */,
				0F6615B92AA1D30100BA8E3D /* TVManager.swift in Sources */,
				0FBEEB4D2A9E44D600DD0D42 /* Notification+Extenstion.swift in Sources */,
			);
			runOnlyForDeploymentPostprocessing = 0;
		};
/* End PBXSourcesBuildPhase section */

/* Begin PBXVariantGroup section */
		0F81F5D42A869C3700D7CC49 /* LaunchScreen.storyboard */ = {
			isa = PBXVariantGroup;
			children = (
				0F81F5D52A869C3700D7CC49 /* Base */,
			);
			name = LaunchScreen.storyboard;
			sourceTree = "<group>";
		};
/* End PBXVariantGroup section */

/* Begin XCBuildConfiguration section */
		0F81F5D82A869C3700D7CC49 /* Debug */ = {
			isa = XCBuildConfiguration;
			buildSettings = {
				ALWAYS_SEARCH_USER_PATHS = NO;
				CLANG_ANALYZER_NONNULL = YES;
				CLANG_ANALYZER_NUMBER_OBJECT_CONVERSION = YES_AGGRESSIVE;
				CLANG_CXX_LANGUAGE_STANDARD = "gnu++20";
				CLANG_ENABLE_MODULES = YES;
				CLANG_ENABLE_OBJC_ARC = YES;
				CLANG_ENABLE_OBJC_WEAK = YES;
				CLANG_WARN_BLOCK_CAPTURE_AUTORELEASING = YES;
				CLANG_WARN_BOOL_CONVERSION = YES;
				CLANG_WARN_COMMA = YES;
				CLANG_WARN_CONSTANT_CONVERSION = YES;
				CLANG_WARN_DEPRECATED_OBJC_IMPLEMENTATIONS = YES;
				CLANG_WARN_DIRECT_OBJC_ISA_USAGE = YES_ERROR;
				CLANG_WARN_DOCUMENTATION_COMMENTS = YES;
				CLANG_WARN_EMPTY_BODY = YES;
				CLANG_WARN_ENUM_CONVERSION = YES;
				CLANG_WARN_INFINITE_RECURSION = YES;
				CLANG_WARN_INT_CONVERSION = YES;
				CLANG_WARN_NON_LITERAL_NULL_CONVERSION = YES;
				CLANG_WARN_OBJC_IMPLICIT_RETAIN_SELF = YES;
				CLANG_WARN_OBJC_LITERAL_CONVERSION = YES;
				CLANG_WARN_OBJC_ROOT_CLASS = YES_ERROR;
				CLANG_WARN_QUOTED_INCLUDE_IN_FRAMEWORK_HEADER = YES;
				CLANG_WARN_RANGE_LOOP_ANALYSIS = YES;
				CLANG_WARN_STRICT_PROTOTYPES = YES;
				CLANG_WARN_SUSPICIOUS_MOVE = YES;
				CLANG_WARN_UNGUARDED_AVAILABILITY = YES_AGGRESSIVE;
				CLANG_WARN_UNREACHABLE_CODE = YES;
				CLANG_WARN__DUPLICATE_METHOD_MATCH = YES;
				COPY_PHASE_STRIP = NO;
				DEBUG_INFORMATION_FORMAT = dwarf;
				ENABLE_STRICT_OBJC_MSGSEND = YES;
				ENABLE_TESTABILITY = YES;
				GCC_C_LANGUAGE_STANDARD = gnu11;
				GCC_DYNAMIC_NO_PIC = NO;
				GCC_NO_COMMON_BLOCKS = YES;
				GCC_OPTIMIZATION_LEVEL = 0;
				GCC_PREPROCESSOR_DEFINITIONS = (
					"DEBUG=1",
					"$(inherited)",
				);
				GCC_WARN_64_TO_32_BIT_CONVERSION = YES;
				GCC_WARN_ABOUT_RETURN_TYPE = YES_ERROR;
				GCC_WARN_UNDECLARED_SELECTOR = YES;
				GCC_WARN_UNINITIALIZED_AUTOS = YES_AGGRESSIVE;
				GCC_WARN_UNUSED_FUNCTION = YES;
				GCC_WARN_UNUSED_VARIABLE = YES;
				IPHONEOS_DEPLOYMENT_TARGET = 16.4;
				MTL_ENABLE_DEBUG_INFO = INCLUDE_SOURCE;
				MTL_FAST_MATH = YES;
				ONLY_ACTIVE_ARCH = YES;
				SDKROOT = iphoneos;
				SWIFT_ACTIVE_COMPILATION_CONDITIONS = DEBUG;
				SWIFT_OPTIMIZATION_LEVEL = "-Onone";
			};
			name = Debug;
		};
		0F81F5D92A869C3700D7CC49 /* Release */ = {
			isa = XCBuildConfiguration;
			buildSettings = {
				ALWAYS_SEARCH_USER_PATHS = NO;
				CLANG_ANALYZER_NONNULL = YES;
				CLANG_ANALYZER_NUMBER_OBJECT_CONVERSION = YES_AGGRESSIVE;
				CLANG_CXX_LANGUAGE_STANDARD = "gnu++20";
				CLANG_ENABLE_MODULES = YES;
				CLANG_ENABLE_OBJC_ARC = YES;
				CLANG_ENABLE_OBJC_WEAK = YES;
				CLANG_WARN_BLOCK_CAPTURE_AUTORELEASING = YES;
				CLANG_WARN_BOOL_CONVERSION = YES;
				CLANG_WARN_COMMA = YES;
				CLANG_WARN_CONSTANT_CONVERSION = YES;
				CLANG_WARN_DEPRECATED_OBJC_IMPLEMENTATIONS = YES;
				CLANG_WARN_DIRECT_OBJC_ISA_USAGE = YES_ERROR;
				CLANG_WARN_DOCUMENTATION_COMMENTS = YES;
				CLANG_WARN_EMPTY_BODY = YES;
				CLANG_WARN_ENUM_CONVERSION = YES;
				CLANG_WARN_INFINITE_RECURSION = YES;
				CLANG_WARN_INT_CONVERSION = YES;
				CLANG_WARN_NON_LITERAL_NULL_CONVERSION = YES;
				CLANG_WARN_OBJC_IMPLICIT_RETAIN_SELF = YES;
				CLANG_WARN_OBJC_LITERAL_CONVERSION = YES;
				CLANG_WARN_OBJC_ROOT_CLASS = YES_ERROR;
				CLANG_WARN_QUOTED_INCLUDE_IN_FRAMEWORK_HEADER = YES;
				CLANG_WARN_RANGE_LOOP_ANALYSIS = YES;
				CLANG_WARN_STRICT_PROTOTYPES = YES;
				CLANG_WARN_SUSPICIOUS_MOVE = YES;
				CLANG_WARN_UNGUARDED_AVAILABILITY = YES_AGGRESSIVE;
				CLANG_WARN_UNREACHABLE_CODE = YES;
				CLANG_WARN__DUPLICATE_METHOD_MATCH = YES;
				COPY_PHASE_STRIP = NO;
				DEBUG_INFORMATION_FORMAT = "dwarf-with-dsym";
				ENABLE_NS_ASSERTIONS = NO;
				ENABLE_STRICT_OBJC_MSGSEND = YES;
				GCC_C_LANGUAGE_STANDARD = gnu11;
				GCC_NO_COMMON_BLOCKS = YES;
				GCC_WARN_64_TO_32_BIT_CONVERSION = YES;
				GCC_WARN_ABOUT_RETURN_TYPE = YES_ERROR;
				GCC_WARN_UNDECLARED_SELECTOR = YES;
				GCC_WARN_UNINITIALIZED_AUTOS = YES_AGGRESSIVE;
				GCC_WARN_UNUSED_FUNCTION = YES;
				GCC_WARN_UNUSED_VARIABLE = YES;
				IPHONEOS_DEPLOYMENT_TARGET = 16.4;
				MTL_ENABLE_DEBUG_INFO = NO;
				MTL_FAST_MATH = YES;
				SDKROOT = iphoneos;
				SWIFT_COMPILATION_MODE = wholemodule;
				SWIFT_OPTIMIZATION_LEVEL = "-O";
				VALIDATE_PRODUCT = YES;
			};
			name = Release;
		};
		0F81F5DB2A869C3700D7CC49 /* Debug */ = {
			isa = XCBuildConfiguration;
			buildSettings = {
				ASSETCATALOG_COMPILER_APPICON_NAME = AppIcon;
				ASSETCATALOG_COMPILER_GLOBAL_ACCENT_COLOR_NAME = AccentColor;
				CODE_SIGN_STYLE = Automatic;
				CURRENT_PROJECT_VERSION = 1;
				GENERATE_INFOPLIST_FILE = YES;
				INFOPLIST_FILE = "Media Project/Info.plist";
				INFOPLIST_KEY_UIApplicationSupportsIndirectInputEvents = YES;
				INFOPLIST_KEY_UILaunchStoryboardName = LaunchScreen;
				INFOPLIST_KEY_UISupportedInterfaceOrientations_iPad = "UIInterfaceOrientationPortrait UIInterfaceOrientationPortraitUpsideDown UIInterfaceOrientationLandscapeLeft UIInterfaceOrientationLandscapeRight";
				INFOPLIST_KEY_UISupportedInterfaceOrientations_iPhone = "UIInterfaceOrientationPortrait UIInterfaceOrientationLandscapeLeft UIInterfaceOrientationLandscapeRight";
				LD_RUNPATH_SEARCH_PATHS = (
					"$(inherited)",
					"@executable_path/Frameworks",
				);
				MARKETING_VERSION = 1.0;
				PRODUCT_BUNDLE_IDENTIFIER = "com.sesac.Media-Project";
				PRODUCT_NAME = "$(TARGET_NAME)";
				SWIFT_EMIT_LOC_STRINGS = YES;
				SWIFT_VERSION = 5.0;
				TARGETED_DEVICE_FAMILY = "1,2";
			};
			name = Debug;
		};
		0F81F5DC2A869C3700D7CC49 /* Release */ = {
			isa = XCBuildConfiguration;
			buildSettings = {
				ASSETCATALOG_COMPILER_APPICON_NAME = AppIcon;
				ASSETCATALOG_COMPILER_GLOBAL_ACCENT_COLOR_NAME = AccentColor;
				CODE_SIGN_STYLE = Automatic;
				CURRENT_PROJECT_VERSION = 1;
				GENERATE_INFOPLIST_FILE = YES;
				INFOPLIST_FILE = "Media Project/Info.plist";
				INFOPLIST_KEY_UIApplicationSupportsIndirectInputEvents = YES;
				INFOPLIST_KEY_UILaunchStoryboardName = LaunchScreen;
				INFOPLIST_KEY_UISupportedInterfaceOrientations_iPad = "UIInterfaceOrientationPortrait UIInterfaceOrientationPortraitUpsideDown UIInterfaceOrientationLandscapeLeft UIInterfaceOrientationLandscapeRight";
				INFOPLIST_KEY_UISupportedInterfaceOrientations_iPhone = "UIInterfaceOrientationPortrait UIInterfaceOrientationLandscapeLeft UIInterfaceOrientationLandscapeRight";
				LD_RUNPATH_SEARCH_PATHS = (
					"$(inherited)",
					"@executable_path/Frameworks",
				);
				MARKETING_VERSION = 1.0;
				PRODUCT_BUNDLE_IDENTIFIER = "com.sesac.Media-Project";
				PRODUCT_NAME = "$(TARGET_NAME)";
				SWIFT_EMIT_LOC_STRINGS = YES;
				SWIFT_VERSION = 5.0;
				TARGETED_DEVICE_FAMILY = "1,2";
			};
			name = Release;
		};
/* End XCBuildConfiguration section */

/* Begin XCConfigurationList section */
		0F81F5C12A869C3600D7CC49 /* Build configuration list for PBXProject "Media Project" */ = {
			isa = XCConfigurationList;
			buildConfigurations = (
				0F81F5D82A869C3700D7CC49 /* Debug */,
				0F81F5D92A869C3700D7CC49 /* Release */,
			);
			defaultConfigurationIsVisible = 0;
			defaultConfigurationName = Release;
		};
		0F81F5DA2A869C3700D7CC49 /* Build configuration list for PBXNativeTarget "Media Project" */ = {
			isa = XCConfigurationList;
			buildConfigurations = (
				0F81F5DB2A869C3700D7CC49 /* Debug */,
				0F81F5DC2A869C3700D7CC49 /* Release */,
			);
			defaultConfigurationIsVisible = 0;
			defaultConfigurationName = Release;
		};
/* End XCConfigurationList section */

/* Begin XCRemoteSwiftPackageReference section */
		0F3EE4A02A95DFCF0033487C /* XCRemoteSwiftPackageReference "SnapKit" */ = {
			isa = XCRemoteSwiftPackageReference;
			repositoryURL = "https://github.com/SnapKit/SnapKit.git";
			requirement = {
				kind = upToNextMajorVersion;
				minimumVersion = 5.0.0;
			};
		};
		0F81F5E22A87761D00D7CC49 /* XCRemoteSwiftPackageReference "Alamofire" */ = {
			isa = XCRemoteSwiftPackageReference;
			repositoryURL = "https://github.com/Alamofire/Alamofire.git";
			requirement = {
				kind = upToNextMajorVersion;
				minimumVersion = 5.0.0;
			};
		};
		0F81F5E52A87762B00D7CC49 /* XCRemoteSwiftPackageReference "SwiftyJSON" */ = {
			isa = XCRemoteSwiftPackageReference;
			repositoryURL = "https://github.com/SwiftyJSON/SwiftyJSON.git";
			requirement = {
				kind = upToNextMajorVersion;
				minimumVersion = 5.0.0;
			};
		};
		0F81F5F82A87AF9700D7CC49 /* XCRemoteSwiftPackageReference "Kingfisher" */ = {
			isa = XCRemoteSwiftPackageReference;
			repositoryURL = "https://github.com/onevcat/Kingfisher.git";
			requirement = {
				kind = upToNextMajorVersion;
				minimumVersion = 7.0.0;
			};
		};
/* End XCRemoteSwiftPackageReference section */

/* Begin XCSwiftPackageProductDependency section */
		0F3EE4A12A95DFCF0033487C /* SnapKit */ = {
			isa = XCSwiftPackageProductDependency;
			package = 0F3EE4A02A95DFCF0033487C /* XCRemoteSwiftPackageReference "SnapKit" */;
			productName = SnapKit;
		};
		0F81F5E32A87761D00D7CC49 /* Alamofire */ = {
			isa = XCSwiftPackageProductDependency;
			package = 0F81F5E22A87761D00D7CC49 /* XCRemoteSwiftPackageReference "Alamofire" */;
			productName = Alamofire;
		};
		0F81F5E62A87762B00D7CC49 /* SwiftyJSON */ = {
			isa = XCSwiftPackageProductDependency;
			package = 0F81F5E52A87762B00D7CC49 /* XCRemoteSwiftPackageReference "SwiftyJSON" */;
			productName = SwiftyJSON;
		};
		0F81F5F92A87AF9700D7CC49 /* Kingfisher */ = {
			isa = XCSwiftPackageProductDependency;
			package = 0F81F5F82A87AF9700D7CC49 /* XCRemoteSwiftPackageReference "Kingfisher" */;
			productName = Kingfisher;
		};
/* End XCSwiftPackageProductDependency section */
	};
	rootObject = 0F81F5BE2A869C3600D7CC49 /* Project object */;
}
